# THIS IS AN AUTOGENERATED FILE. DO NOT EDIT THIS FILE DIRECTLY.
# yarn lockfile v1


"@tauri-apps/api@^2.0.0":
  version "2.2.0"
  resolved "https://registry.yarnpkg.com/@tauri-apps/api/-/api-2.2.0.tgz#daaff2515b1a4ff1e763cf84a414548b02b566c5"
  integrity sha512-R8epOeZl1eJEl603aUMIGb4RXlhPjpgxbGVEaqY+0G5JG9vzV/clNlzTeqc+NLYXVqXcn8mb4c5b9pJIUDEyAg==

"@tauri-apps/cli-darwin-arm64@2.2.2":
  version "2.2.2"
  resolved "https://registry.yarnpkg.com/@tauri-apps/cli-darwin-arm64/-/cli-darwin-arm64-2.2.2.tgz#0f8897002c13e5836126d3309adeb165a723d2b8"
  integrity sha512-JMXbX5hGrLOzJbjisd7gBe25PmHouXA1+f4yVWg5PRlgxW7pla7krOzhu2mchFlMVDr8aLwhMLgohvvx+raXag==

"@tauri-apps/cli-darwin-x64@2.2.2":
  version "2.2.2"
  resolved "https://registry.yarnpkg.com/@tauri-apps/cli-darwin-x64/-/cli-darwin-x64-2.2.2.tgz#d34154d4d0355b61ca9f812b388396f609771d8d"
  integrity sha512-i2gxKXev+Ed0UWeq0xSiyRjSkzzBbu9MCOhs/QVv1YuV+097K/fF89f+a4v5JJftCq2IOHhSKH23KyTJBLnNKQ==

"@tauri-apps/cli-linux-arm-gnueabihf@2.2.2":
  version "2.2.2"
  resolved "https://registry.yarnpkg.com/@tauri-apps/cli-linux-arm-gnueabihf/-/cli-linux-arm-gnueabihf-2.2.2.tgz#149c7b5e70217cbcbe90a573c254ac98b512b38c"
  integrity sha512-iC2HndsN5smmbvEDUQFyTHyYHSgx7OwJ6puyXLLpkAHnQDo4TGSPxIlPeZFSZmEoaJEmHLdG3j1LcFWOKrxWQg==

"@tauri-apps/cli-linux-arm64-gnu@2.2.2":
  version "2.2.2"
  resolved "https://registry.yarnpkg.com/@tauri-apps/cli-linux-arm64-gnu/-/cli-linux-arm64-gnu-2.2.2.tgz#dc8bb7b38b863b365bf2c6fb3ea75f690b05a4c3"
  integrity sha512-YzK30tleUzWxfIp1davc5RhvmNZxiZQkUnQ4zajGJZ99zxNk8kwvv8nYSC3/J2R8sYpnuv+7CzNyIwA2s6yH+w==

"@tauri-apps/cli-linux-arm64-musl@2.2.2":
  version "2.2.2"
  resolved "https://registry.yarnpkg.com/@tauri-apps/cli-linux-arm64-musl/-/cli-linux-arm64-musl-2.2.2.tgz#c3cad90e3d7edebdda606ef2084db6c967f52121"
  integrity sha512-nOw2apBzOCTiH1fLOjL42ajHNhMzdp640CX5RrWkDYdyVO7YbGmWzrN26PPXohScScXVjSjtDDxdeQV1gHCxhg==

"@tauri-apps/cli-linux-x64-gnu@2.2.2":
  version "2.2.2"
  resolved "https://registry.yarnpkg.com/@tauri-apps/cli-linux-x64-gnu/-/cli-linux-x64-gnu-2.2.2.tgz#69d6a46f2b855a4910c2e81de012efe4fccd9187"
  integrity sha512-Tmm4qVY8yxSugi8sCko1dyZxyPGK8m3tWm+b1J0DXwzxqaoMqNXuYGxkwtUdkznPXEfQSD8OGBfwjXNmVGE91Q==

"@tauri-apps/cli-linux-x64-musl@2.2.2":
  version "2.2.2"
  resolved "https://registry.yarnpkg.com/@tauri-apps/cli-linux-x64-musl/-/cli-linux-x64-musl-2.2.2.tgz#029645d6fd5ad9d1880129c8753d17a5b59910c9"
  integrity sha512-AwAcaCUhmwzOFPvje80g2BAhnkoEpXdl1E0Uk+lvr9makHM0+aV++M5jibD97yxKnK5NrQ9YXPH5Sn6CdncgUg==

"@tauri-apps/cli-win32-arm64-msvc@2.2.2":
  version "2.2.2"
  resolved "https://registry.yarnpkg.com/@tauri-apps/cli-win32-arm64-msvc/-/cli-win32-arm64-msvc-2.2.2.tgz#20358ecb2498208aedd336a3e48bca8a9a189166"
  integrity sha512-u7TnwuUAN+eX6R2kDfSM8fsUFiBzNqq9PnAOsQ2qbwbHGbu7mHfGO1OFgnIzBt1C9FolFbENk2pzjiL4R9baXQ==

"@tauri-apps/cli-win32-ia32-msvc@2.2.2":
  version "2.2.2"
  resolved "https://registry.yarnpkg.com/@tauri-apps/cli-win32-ia32-msvc/-/cli-win32-ia32-msvc-2.2.2.tgz#af91063924640d851195717f7802132e412489cb"
  integrity sha512-9KScbGKU6GfHThEYWdlO0+COW/8SDfIXbYgEvEcfZztE4VedHBbI0XfU+l+aS8nJN+fvYX+DtvY0tpDwyo0G4A==

"@tauri-apps/cli-win32-x64-msvc@2.2.2":
  version "2.2.2"
  resolved "https://registry.yarnpkg.com/@tauri-apps/cli-win32-x64-msvc/-/cli-win32-x64-msvc-2.2.2.tgz#8cc9181d7e117bbd9662ee8f48b7aae834be654c"
  integrity sha512-ko8OWCLwFaHfdBaKbRX/C5btNt61v17qKOSQPksuc5PVvY0tAoci09612nEMlYiogZKEtn7VAqSdRAG6h0tz+g==

"@tauri-apps/cli@^2":
  version "2.2.2"
  resolved "https://registry.yarnpkg.com/@tauri-apps/cli/-/cli-2.2.2.tgz#2d52ded35c61d98b62b80c309bed1a81585ce35a"
  integrity sha512-5fVEdP4t4BT0ymvXZAM78kB0S/TaiRDLDoSRWGxVy1e7XCwuKyST5m6ybeyw/h/soK/91tbf+W3xXXy7XzkT4A==
  optionalDependencies:
    "@tauri-apps/cli-darwin-arm64" "2.2.2"
    "@tauri-apps/cli-darwin-x64" "2.2.2"
    "@tauri-apps/cli-linux-arm-gnueabihf" "2.2.2"
    "@tauri-apps/cli-linux-arm64-gnu" "2.2.2"
    "@tauri-apps/cli-linux-arm64-musl" "2.2.2"
    "@tauri-apps/cli-linux-x64-gnu" "2.2.2"
    "@tauri-apps/cli-linux-x64-musl" "2.2.2"
    "@tauri-apps/cli-win32-arm64-msvc" "2.2.2"
    "@tauri-apps/cli-win32-ia32-msvc" "2.2.2"
    "@tauri-apps/cli-win32-x64-msvc" "2.2.2"

"@tauri-apps/plugin-dialog@~2":
  version "2.2.0"
  resolved "https://registry.yarnpkg.com/@tauri-apps/plugin-dialog/-/plugin-dialog-2.2.0.tgz#2f7b841a982820adbc9c182e0e95acd8d90aa6fc"
  integrity sha512-6bLkYK68zyK31418AK5fNccCdVuRnNpbxquCl8IqgFByOgWFivbiIlvb79wpSXi0O+8k8RCSsIpOquebusRVSg==
  dependencies:
    "@tauri-apps/api" "^2.0.0"

"@tauri-apps/plugin-window-state@~2":
  version "2.2.0"
  resolved "https://registry.yarnpkg.com/@tauri-apps/plugin-window-state/-/plugin-window-state-2.2.0.tgz#98f483409c79a2533bf153ea34b0ff34de5e597a"
  integrity sha512-PFZ/vkZ6UPaRyuggEn8jWc/xwpiEw3Id8i6bin54zUR3vHY0MOK+ovvpvp6SEHKryCJbZMigYJz0OUT2eZ4YmQ==
  dependencies:
    "@tauri-apps/api" "^2.0.0"
