# THIS IS AN AUTOGENERATED FILE. DO NOT EDIT THIS FILE DIRECTLY.
# yarn lockfile v1


"@tauri-apps/api@^2.0.0":
  version "2.2.0"
  resolved "https://registry.npmjs.org/@tauri-apps/api/-/api-2.2.0.tgz"
  integrity sha512-R8epOeZl1eJEl603aUMIGb4RXlhPjpgxbGVEaqY+0G5JG9vzV/clNlzTeqc+NLYXVqXcn8mb4c5b9pJIUDEyAg==

"@tauri-apps/cli-linux-x64-gnu@2.2.2":
  version "2.2.2"
  resolved "https://registry.npmjs.org/@tauri-apps/cli-linux-x64-gnu/-/cli-linux-x64-gnu-2.2.2.tgz"
  integrity sha512-Tmm4qVY8yxSugi8sCko1dyZxyPGK8m3tWm+b1J0DXwzxqaoMqNXuYGxkwtUdkznPXEfQSD8OGBfwjXNmVGE91Q==

"@tauri-apps/cli@^2":
  version "2.2.2"
  resolved "https://registry.npmjs.org/@tauri-apps/cli/-/cli-2.2.2.tgz"
  integrity sha512-5fVEdP4t4BT0ymvXZAM78kB0S/TaiRDLDoSRWGxVy1e7XCwuKyST5m6ybeyw/h/soK/91tbf+W3xXXy7XzkT4A==
  optionalDependencies:
    "@tauri-apps/cli-darwin-arm64" "2.2.2"
    "@tauri-apps/cli-darwin-x64" "2.2.2"
    "@tauri-apps/cli-linux-arm-gnueabihf" "2.2.2"
    "@tauri-apps/cli-linux-arm64-gnu" "2.2.2"
    "@tauri-apps/cli-linux-arm64-musl" "2.2.2"
    "@tauri-apps/cli-linux-x64-gnu" "2.2.2"
    "@tauri-apps/cli-linux-x64-musl" "2.2.2"
    "@tauri-apps/cli-win32-arm64-msvc" "2.2.2"
    "@tauri-apps/cli-win32-ia32-msvc" "2.2.2"
    "@tauri-apps/cli-win32-x64-msvc" "2.2.2"

"@tauri-apps/plugin-dialog@~2":
  version "2.2.0"
  resolved "https://registry.npmjs.org/@tauri-apps/plugin-dialog/-/plugin-dialog-2.2.0.tgz"
  integrity sha512-6bLkYK68zyK31418AK5fNccCdVuRnNpbxquCl8IqgFByOgWFivbiIlvb79wpSXi0O+8k8RCSsIpOquebusRVSg==
  dependencies:
    "@tauri-apps/api" "^2.0.0"

"@tauri-apps/plugin-window-state@~2":
  version "2.2.0"
  resolved "https://registry.npmjs.org/@tauri-apps/plugin-window-state/-/plugin-window-state-2.2.0.tgz"
  integrity sha512-PFZ/vkZ6UPaRyuggEn8jWc/xwpiEw3Id8i6bin54zUR3vHY0MOK+ovvpvp6SEHKryCJbZMigYJz0OUT2eZ4YmQ==
  dependencies:
    "@tauri-apps/api" "^2.0.0"
